
Microsoft Visual Studio Solution File, Format Version 12.00
# Visual Studio Version 17
VisualStudioVersion = 17.6.33829.357
MinimumVisualStudioVersion = 10.0.40219.1
Project("{FAE04EC0-301F-11D3-BF4B-00C04F79EFBC}") = "waPolimorfismoBase", "waPolimorfismoBase.csproj", "{DF0B5E68-920B-4A7A-8BE6-66558A756F5D}"
EndProject
Global
	GlobalSection(SolutionConfigurationPlatforms) = preSolution
		Debug|Any CPU = Debug|Any CPU
		Release|Any CPU = Release|Any CPU
	EndGlobalSection
	GlobalSection(ProjectConfigurationPlatforms) = postSolution
		{DF0B5E68-920B-4A7A-8BE6-66558A756F5D}.Debug|Any CPU.ActiveCfg = Debug|Any CPU
		{DF0B5E68-920B-4A7A-8BE6-66558A756F5D}.Debug|Any CPU.Build.0 = Debug|Any CPU
		{DF0B5E68-920B-4A7A-8BE6-66558A756F5D}.Release|Any CPU.ActiveCfg = Release|Any CPU
		{DF0B5E68-920B-4A7A-8BE6-66558A756F5D}.Release|Any CPU.Build.0 = Release|Any CPU
	EndGlobalSection
	GlobalSection(SolutionProperties) = preSolution
		HideSolutionNode = FALSE
	EndGlobalSection
	GlobalSection(ExtensibilityGlobals) = postSolution
		SolutionGuid = {9B95BF0B-B539-454E-8B1A-2C0EA54A8334}
	EndGlobalSection
EndGlobal
